// !$*UTF8*$!
{
	archiveVersion = 1;
	classes = {
	};
	objectVersion = 56;
	objects = {

/* Begin PBXBuildFile section */
		83134CC52B6B0B3E00C401D5 /* AppDelegate.swift in Sources */ = {isa = PBXBuildFile; fileRef = 83134CC42B6B0B3E00C401D5 /* AppDelegate.swift */; };
		83134CC92B6B0B4000C401D5 /* Assets.xcassets in Resources */ = {isa = PBXBuildFile; fileRef = 83134CC82B6B0B4000C401D5 /* Assets.xcassets */; };
		83134CD62B6B195100C401D5 /* main.swift in Sources */ = {isa = PBXBuildFile; fileRef = 83134CD52B6B195100C401D5 /* main.swift */; };
		83939F6D2B78091800621F8A /* MainWindowController.swift in Sources */ = {isa = PBXBuildFile; fileRef = 83939F6B2B78091800621F8A /* MainWindowController.swift */; };
		83939F782B78161800621F8A /* Router.swift in Sources */ = {isa = PBXBuildFile; fileRef = 83939F772B78161800621F8A /* Router.swift */; };
		83939F7A2B78163D00621F8A /* AppTransition.swift in Sources */ = {isa = PBXBuildFile; fileRef = 83939F792B78163D00621F8A /* AppTransition.swift */; };
		83939F7C2B78168700621F8A /* Coordinator.swift in Sources */ = {isa = PBXBuildFile; fileRef = 83939F7B2B78168700621F8A /* Coordinator.swift */; };
		83939F7E2B78182000621F8A /* MainWindowCoordinator.swift in Sources */ = {isa = PBXBuildFile; fileRef = 83939F7D2B78182000621F8A /* MainWindowCoordinator.swift */; };
		83939F882B782D5300621F8A /* Constants.swift in Sources */ = {isa = PBXBuildFile; fileRef = 83939F872B782D5300621F8A /* Constants.swift */; };
		83939F8B2B782F4300621F8A /* APIManager.swift in Sources */ = {isa = PBXBuildFile; fileRef = 83939F8A2B782F4300621F8A /* APIManager.swift */; };
		83939F8D2B78303A00621F8A /* Failure.swift in Sources */ = {isa = PBXBuildFile; fileRef = 83939F8C2B78303A00621F8A /* Failure.swift */; };
		83939F902B78361300621F8A /* PagedListResponseDTO.swift in Sources */ = {isa = PBXBuildFile; fileRef = 83939F8F2B78361300621F8A /* PagedListResponseDTO.swift */; };
		83939F922B7839E700621F8A /* CharacterDTO.swift in Sources */ = {isa = PBXBuildFile; fileRef = 83939F912B7839E700621F8A /* CharacterDTO.swift */; };
		83939F942B783A7C00621F8A /* LocationDTO.swift in Sources */ = {isa = PBXBuildFile; fileRef = 83939F932B783A7C00621F8A /* LocationDTO.swift */; };
		83939F972B783B8200621F8A /* CharacterAPIDataSource.swift in Sources */ = {isa = PBXBuildFile; fileRef = 83939F962B783B8200621F8A /* CharacterAPIDataSource.swift */; };
		83939F992B783BB300621F8A /* CharacterDataSourceRepresentable.swift in Sources */ = {isa = PBXBuildFile; fileRef = 83939F982B783BB300621F8A /* CharacterDataSourceRepresentable.swift */; };
		83939F9D2B7841E200621F8A /* CharacterRepository.swift in Sources */ = {isa = PBXBuildFile; fileRef = 83939F9C2B7841E200621F8A /* CharacterRepository.swift */; };
		83939F9F2B7841FF00621F8A /* CharacterRepositoryRepresentable.swift in Sources */ = {isa = PBXBuildFile; fileRef = 83939F9E2B7841FF00621F8A /* CharacterRepositoryRepresentable.swift */; };
		83939FA22B78428500621F8A /* Character.swift in Sources */ = {isa = PBXBuildFile; fileRef = 83939FA12B78428500621F8A /* Character.swift */; };
		83939FA42B7842FF00621F8A /* Gender.swift in Sources */ = {isa = PBXBuildFile; fileRef = 83939FA32B7842FF00621F8A /* Gender.swift */; };
		83939FA62B78433100621F8A /* CharacterStatus.swift in Sources */ = {isa = PBXBuildFile; fileRef = 83939FA52B78433100621F8A /* CharacterStatus.swift */; };
		83939FA82B78435700621F8A /* Location.swift in Sources */ = {isa = PBXBuildFile; fileRef = 83939FA72B78435700621F8A /* Location.swift */; };
		83939FAB2B78460E00621F8A /* CharacterDataMapper.swift in Sources */ = {isa = PBXBuildFile; fileRef = 83939FAA2B78460E00621F8A /* CharacterDataMapper.swift */; };
		83939FAF2B784B3400621F8A /* String+orEmpty.swift in Sources */ = {isa = PBXBuildFile; fileRef = 83939FAE2B784B3400621F8A /* String+orEmpty.swift */; };
		83939FB22B7850AE00621F8A /* GetAllCharactersUseCase.swift in Sources */ = {isa = PBXBuildFile; fileRef = 83939FB12B7850AE00621F8A /* GetAllCharactersUseCase.swift */; };
		83939FB82B78554300621F8A /* CharacterListViewController.swift in Sources */ = {isa = PBXBuildFile; fileRef = 83939FB62B78554300621F8A /* CharacterListViewController.swift */; };
		83939FB92B78554300621F8A /* CharacterListViewController.xib in Resources */ = {isa = PBXBuildFile; fileRef = 83939FB72B78554300621F8A /* CharacterListViewController.xib */; };
		83939FBE2B786CAD00621F8A /* EpisodeDTO.swift in Sources */ = {isa = PBXBuildFile; fileRef = 83939FBD2B786CAC00621F8A /* EpisodeDTO.swift */; };
		83939FC02B786F6C00621F8A /* LocationDataSourceRepresentable.swift in Sources */ = {isa = PBXBuildFile; fileRef = 83939FBF2B786F6C00621F8A /* LocationDataSourceRepresentable.swift */; };
		83939FC22B786FDE00621F8A /* EpisodeDataSourceRepresentable.swift in Sources */ = {isa = PBXBuildFile; fileRef = 83939FC12B786FDE00621F8A /* EpisodeDataSourceRepresentable.swift */; };
		83939FC42B78705200621F8A /* LocationRepositoryRepresentable.swift in Sources */ = {isa = PBXBuildFile; fileRef = 83939FC32B78705200621F8A /* LocationRepositoryRepresentable.swift */; };
		83939FC62B78706200621F8A /* EpisodeRepositoryRepresentable.swift in Sources */ = {isa = PBXBuildFile; fileRef = 83939FC52B78706200621F8A /* EpisodeRepositoryRepresentable.swift */; };
		83939FC82B78724D00621F8A /* Episode.swift in Sources */ = {isa = PBXBuildFile; fileRef = 83939FC72B78724D00621F8A /* Episode.swift */; };
		83939FCA2B787B7500621F8A /* LocationAPIDataSource.swift in Sources */ = {isa = PBXBuildFile; fileRef = 83939FC92B787B7500621F8A /* LocationAPIDataSource.swift */; };
		83939FCC2B787C0600621F8A /* EpisodeAPIDataSource.swift in Sources */ = {isa = PBXBuildFile; fileRef = 83939FCB2B787C0600621F8A /* EpisodeAPIDataSource.swift */; };
		83939FCE2B787D9300621F8A /* LocationRepository.swift in Sources */ = {isa = PBXBuildFile; fileRef = 83939FCD2B787D9300621F8A /* LocationRepository.swift */; };
		83939FD02B787E5500621F8A /* LocationDataMapper.swift in Sources */ = {isa = PBXBuildFile; fileRef = 83939FCF2B787E5500621F8A /* LocationDataMapper.swift */; };
		83939FD22B787F1A00621F8A /* EpisodeDataMapper.swift in Sources */ = {isa = PBXBuildFile; fileRef = 83939FD12B787F1A00621F8A /* EpisodeDataMapper.swift */; };
		83939FD42B787FC200621F8A /* EpisodeRepository.swift in Sources */ = {isa = PBXBuildFile; fileRef = 83939FD32B787FC200621F8A /* EpisodeRepository.swift */; };
		83939FD82B78825F00621F8A /* GetAllEpisodesUseCase.swift in Sources */ = {isa = PBXBuildFile; fileRef = 83939FD72B78825F00621F8A /* GetAllEpisodesUseCase.swift */; };
		83939FDA2B7882E600621F8A /* GetAllLocationsUseCase.swift in Sources */ = {isa = PBXBuildFile; fileRef = 83939FD92B7882E600621F8A /* GetAllLocationsUseCase.swift */; };
		83939FDC2B78833F00621F8A /* GetSingleCharacterUseCase.swift in Sources */ = {isa = PBXBuildFile; fileRef = 83939FDB2B78833F00621F8A /* GetSingleCharacterUseCase.swift */; };
		83939FDE2B788E6700621F8A /* GetSingleEpisodeUseCase.swift in Sources */ = {isa = PBXBuildFile; fileRef = 83939FDD2B788E6700621F8A /* GetSingleEpisodeUseCase.swift */; };
		83939FE02B788EB900621F8A /* GetSingleLocationUseCase.swift in Sources */ = {isa = PBXBuildFile; fileRef = 83939FDF2B788EB900621F8A /* GetSingleLocationUseCase.swift */; };
		83939FE42B788F9D00621F8A /* ContainerViewController.swift in Sources */ = {isa = PBXBuildFile; fileRef = 83939FE22B788F9D00621F8A /* ContainerViewController.swift */; };
		83939FE52B788F9D00621F8A /* ContainerViewController.xib in Resources */ = {isa = PBXBuildFile; fileRef = 83939FE32B788F9D00621F8A /* ContainerViewController.xib */; };
		83939FEA2B78905F00621F8A /* CharacterDetailViewController.swift in Sources */ = {isa = PBXBuildFile; fileRef = 83939FE82B78905F00621F8A /* CharacterDetailViewController.swift */; };
		83939FEB2B78905F00621F8A /* CharacterDetailViewController.xib in Resources */ = {isa = PBXBuildFile; fileRef = 83939FE92B78905F00621F8A /* CharacterDetailViewController.xib */; };
		83939FED2B7893B700621F8A /* NSViewController+add.swift in Sources */ = {isa = PBXBuildFile; fileRef = 83939FEC2B7893B700621F8A /* NSViewController+add.swift */; };
/* End PBXBuildFile section */

/* Begin PBXFileReference section */
		83134CC12B6B0B3E00C401D5 /* Coding Challenge MacOs.app */ = {isa = PBXFileReference; explicitFileType = wrapper.application; includeInIndex = 0; path = "Coding Challenge MacOs.app"; sourceTree = BUILT_PRODUCTS_DIR; };
		83134CC42B6B0B3E00C401D5 /* AppDelegate.swift */ = {isa = PBXFileReference; lastKnownFileType = sourcecode.swift; path = AppDelegate.swift; sourceTree = "<group>"; };
		83134CC82B6B0B4000C401D5 /* Assets.xcassets */ = {isa = PBXFileReference; lastKnownFileType = folder.assetcatalog; path = Assets.xcassets; sourceTree = "<group>"; };
		83134CCD2B6B0B4000C401D5 /* Coding_Challenge_MacOs.entitlements */ = {isa = PBXFileReference; lastKnownFileType = text.plist.entitlements; path = Coding_Challenge_MacOs.entitlements; sourceTree = "<group>"; };
		83134CD52B6B195100C401D5 /* main.swift */ = {isa = PBXFileReference; lastKnownFileType = sourcecode.swift; path = main.swift; sourceTree = "<group>"; };
		83939F6B2B78091800621F8A /* MainWindowController.swift */ = {isa = PBXFileReference; lastKnownFileType = sourcecode.swift; path = MainWindowController.swift; sourceTree = "<group>"; };
		83939F772B78161800621F8A /* Router.swift */ = {isa = PBXFileReference; lastKnownFileType = sourcecode.swift; path = Router.swift; sourceTree = "<group>"; };
		83939F792B78163D00621F8A /* AppTransition.swift */ = {isa = PBXFileReference; lastKnownFileType = sourcecode.swift; path = AppTransition.swift; sourceTree = "<group>"; };
		83939F7B2B78168700621F8A /* Coordinator.swift */ = {isa = PBXFileReference; lastKnownFileType = sourcecode.swift; path = Coordinator.swift; sourceTree = "<group>"; };
		83939F7D2B78182000621F8A /* MainWindowCoordinator.swift */ = {isa = PBXFileReference; lastKnownFileType = sourcecode.swift; path = MainWindowCoordinator.swift; sourceTree = "<group>"; };
		83939F872B782D5300621F8A /* Constants.swift */ = {isa = PBXFileReference; lastKnownFileType = sourcecode.swift; path = Constants.swift; sourceTree = "<group>"; };
		83939F8A2B782F4300621F8A /* APIManager.swift */ = {isa = PBXFileReference; lastKnownFileType = sourcecode.swift; path = APIManager.swift; sourceTree = "<group>"; };
		83939F8C2B78303A00621F8A /* Failure.swift */ = {isa = PBXFileReference; lastKnownFileType = sourcecode.swift; path = Failure.swift; sourceTree = "<group>"; };
		83939F8F2B78361300621F8A /* PagedListResponseDTO.swift */ = {isa = PBXFileReference; lastKnownFileType = sourcecode.swift; path = PagedListResponseDTO.swift; sourceTree = "<group>"; };
		83939F912B7839E700621F8A /* CharacterDTO.swift */ = {isa = PBXFileReference; lastKnownFileType = sourcecode.swift; path = CharacterDTO.swift; sourceTree = "<group>"; };
		83939F932B783A7C00621F8A /* LocationDTO.swift */ = {isa = PBXFileReference; lastKnownFileType = sourcecode.swift; path = LocationDTO.swift; sourceTree = "<group>"; };
		83939F962B783B8200621F8A /* CharacterAPIDataSource.swift */ = {isa = PBXFileReference; lastKnownFileType = sourcecode.swift; path = CharacterAPIDataSource.swift; sourceTree = "<group>"; };
		83939F982B783BB300621F8A /* CharacterDataSourceRepresentable.swift */ = {isa = PBXFileReference; lastKnownFileType = sourcecode.swift; path = CharacterDataSourceRepresentable.swift; sourceTree = "<group>"; };
		83939F9C2B7841E200621F8A /* CharacterRepository.swift */ = {isa = PBXFileReference; lastKnownFileType = sourcecode.swift; path = CharacterRepository.swift; sourceTree = "<group>"; };
		83939F9E2B7841FF00621F8A /* CharacterRepositoryRepresentable.swift */ = {isa = PBXFileReference; lastKnownFileType = sourcecode.swift; path = CharacterRepositoryRepresentable.swift; sourceTree = "<group>"; };
		83939FA12B78428500621F8A /* Character.swift */ = {isa = PBXFileReference; lastKnownFileType = sourcecode.swift; path = Character.swift; sourceTree = "<group>"; };
		83939FA32B7842FF00621F8A /* Gender.swift */ = {isa = PBXFileReference; lastKnownFileType = sourcecode.swift; path = Gender.swift; sourceTree = "<group>"; };
		83939FA52B78433100621F8A /* CharacterStatus.swift */ = {isa = PBXFileReference; lastKnownFileType = sourcecode.swift; path = CharacterStatus.swift; sourceTree = "<group>"; };
		83939FA72B78435700621F8A /* Location.swift */ = {isa = PBXFileReference; lastKnownFileType = sourcecode.swift; path = Location.swift; sourceTree = "<group>"; };
		83939FAA2B78460E00621F8A /* CharacterDataMapper.swift */ = {isa = PBXFileReference; lastKnownFileType = sourcecode.swift; path = CharacterDataMapper.swift; sourceTree = "<group>"; };
		83939FAE2B784B3400621F8A /* String+orEmpty.swift */ = {isa = PBXFileReference; lastKnownFileType = sourcecode.swift; path = "String+orEmpty.swift"; sourceTree = "<group>"; };
		83939FB12B7850AE00621F8A /* GetAllCharactersUseCase.swift */ = {isa = PBXFileReference; lastKnownFileType = sourcecode.swift; path = GetAllCharactersUseCase.swift; sourceTree = "<group>"; };
		83939FB62B78554300621F8A /* CharacterListViewController.swift */ = {isa = PBXFileReference; lastKnownFileType = sourcecode.swift; path = CharacterListViewController.swift; sourceTree = "<group>"; };
		83939FB72B78554300621F8A /* CharacterListViewController.xib */ = {isa = PBXFileReference; lastKnownFileType = file.xib; path = CharacterListViewController.xib; sourceTree = "<group>"; };
		83939FBD2B786CAC00621F8A /* EpisodeDTO.swift */ = {isa = PBXFileReference; lastKnownFileType = sourcecode.swift; path = EpisodeDTO.swift; sourceTree = "<group>"; };
		83939FBF2B786F6C00621F8A /* LocationDataSourceRepresentable.swift */ = {isa = PBXFileReference; lastKnownFileType = sourcecode.swift; path = LocationDataSourceRepresentable.swift; sourceTree = "<group>"; };
		83939FC12B786FDE00621F8A /* EpisodeDataSourceRepresentable.swift */ = {isa = PBXFileReference; lastKnownFileType = sourcecode.swift; path = EpisodeDataSourceRepresentable.swift; sourceTree = "<group>"; };
		83939FC32B78705200621F8A /* LocationRepositoryRepresentable.swift */ = {isa = PBXFileReference; lastKnownFileType = sourcecode.swift; path = LocationRepositoryRepresentable.swift; sourceTree = "<group>"; };
		83939FC52B78706200621F8A /* EpisodeRepositoryRepresentable.swift */ = {isa = PBXFileReference; lastKnownFileType = sourcecode.swift; path = EpisodeRepositoryRepresentable.swift; sourceTree = "<group>"; };
		83939FC72B78724D00621F8A /* Episode.swift */ = {isa = PBXFileReference; lastKnownFileType = sourcecode.swift; path = Episode.swift; sourceTree = "<group>"; };
		83939FC92B787B7500621F8A /* LocationAPIDataSource.swift */ = {isa = PBXFileReference; lastKnownFileType = sourcecode.swift; path = LocationAPIDataSource.swift; sourceTree = "<group>"; };
		83939FCB2B787C0600621F8A /* EpisodeAPIDataSource.swift */ = {isa = PBXFileReference; lastKnownFileType = sourcecode.swift; path = EpisodeAPIDataSource.swift; sourceTree = "<group>"; };
		83939FCD2B787D9300621F8A /* LocationRepository.swift */ = {isa = PBXFileReference; lastKnownFileType = sourcecode.swift; path = LocationRepository.swift; sourceTree = "<group>"; };
		83939FCF2B787E5500621F8A /* LocationDataMapper.swift */ = {isa = PBXFileReference; lastKnownFileType = sourcecode.swift; path = LocationDataMapper.swift; sourceTree = "<group>"; };
		83939FD12B787F1A00621F8A /* EpisodeDataMapper.swift */ = {isa = PBXFileReference; lastKnownFileType = sourcecode.swift; path = EpisodeDataMapper.swift; sourceTree = "<group>"; };
		83939FD32B787FC200621F8A /* EpisodeRepository.swift */ = {isa = PBXFileReference; lastKnownFileType = sourcecode.swift; path = EpisodeRepository.swift; sourceTree = "<group>"; };
		83939FD72B78825F00621F8A /* GetAllEpisodesUseCase.swift */ = {isa = PBXFileReference; lastKnownFileType = sourcecode.swift; path = GetAllEpisodesUseCase.swift; sourceTree = "<group>"; };
		83939FD92B7882E600621F8A /* GetAllLocationsUseCase.swift */ = {isa = PBXFileReference; lastKnownFileType = sourcecode.swift; path = GetAllLocationsUseCase.swift; sourceTree = "<group>"; };
		83939FDB2B78833F00621F8A /* GetSingleCharacterUseCase.swift */ = {isa = PBXFileReference; lastKnownFileType = sourcecode.swift; path = GetSingleCharacterUseCase.swift; sourceTree = "<group>"; };
		83939FDD2B788E6700621F8A /* GetSingleEpisodeUseCase.swift */ = {isa = PBXFileReference; lastKnownFileType = sourcecode.swift; path = GetSingleEpisodeUseCase.swift; sourceTree = "<group>"; };
		83939FDF2B788EB900621F8A /* GetSingleLocationUseCase.swift */ = {isa = PBXFileReference; lastKnownFileType = sourcecode.swift; path = GetSingleLocationUseCase.swift; sourceTree = "<group>"; };
		83939FE22B788F9D00621F8A /* ContainerViewController.swift */ = {isa = PBXFileReference; lastKnownFileType = sourcecode.swift; path = ContainerViewController.swift; sourceTree = "<group>"; };
		83939FE32B788F9D00621F8A /* ContainerViewController.xib */ = {isa = PBXFileReference; lastKnownFileType = file.xib; path = ContainerViewController.xib; sourceTree = "<group>"; };
		83939FE82B78905F00621F8A /* CharacterDetailViewController.swift */ = {isa = PBXFileReference; lastKnownFileType = sourcecode.swift; path = CharacterDetailViewController.swift; sourceTree = "<group>"; };
		83939FE92B78905F00621F8A /* CharacterDetailViewController.xib */ = {isa = PBXFileReference; lastKnownFileType = file.xib; path = CharacterDetailViewController.xib; sourceTree = "<group>"; };
		83939FEC2B7893B700621F8A /* NSViewController+add.swift */ = {isa = PBXFileReference; lastKnownFileType = sourcecode.swift; path = "NSViewController+add.swift"; sourceTree = "<group>"; };
/* End PBXFileReference section */

/* Begin PBXFrameworksBuildPhase section */
		83134CBE2B6B0B3E00C401D5 /* Frameworks */ = {
			isa = PBXFrameworksBuildPhase;
			buildActionMask = 2147483647;
			files = (
			);
			runOnlyForDeploymentPostprocessing = 0;
		};
/* End PBXFrameworksBuildPhase section */

/* Begin PBXGroup section */
		83134CB82B6B0B3E00C401D5 = {
			isa = PBXGroup;
			children = (
				83134CC32B6B0B3E00C401D5 /* Coding Challenge MacOs */,
				83134CC22B6B0B3E00C401D5 /* Products */,
			);
			sourceTree = "<group>";
		};
		83134CC22B6B0B3E00C401D5 /* Products */ = {
			isa = PBXGroup;
			children = (
				83134CC12B6B0B3E00C401D5 /* Coding Challenge MacOs.app */,
			);
			name = Products;
			sourceTree = "<group>";
		};
		83134CC32B6B0B3E00C401D5 /* Coding Challenge MacOs */ = {
			isa = PBXGroup;
			children = (
				83939F822B7820C500621F8A /* Infrastructure */,
				83939F802B78206600621F8A /* MainWindow */,
				83939F862B782D4000621F8A /* Utils */,
				83134CC42B6B0B3E00C401D5 /* AppDelegate.swift */,
				83939F792B78163D00621F8A /* AppTransition.swift */,
				83134CD52B6B195100C401D5 /* main.swift */,
				83134CC82B6B0B4000C401D5 /* Assets.xcassets */,
				83134CCD2B6B0B4000C401D5 /* Coding_Challenge_MacOs.entitlements */,
			);
			path = "Coding Challenge MacOs";
			sourceTree = "<group>";
		};
		83939F802B78206600621F8A /* MainWindow */ = {
			isa = PBXGroup;
			children = (
				83939F7D2B78182000621F8A /* MainWindowCoordinator.swift */,
				83939F832B7820F600621F8A /* Data */,
				83939F842B78210100621F8A /* Domain */,
				83939F812B78209D00621F8A /* View */,
			);
			path = MainWindow;
			sourceTree = "<group>";
		};
		83939F812B78209D00621F8A /* View */ = {
			isa = PBXGroup;
			children = (
				83939F6B2B78091800621F8A /* MainWindowController.swift */,
				83939FE12B788F5500621F8A /* Container */,
				83939FE62B788FE400621F8A /* CharacterList */,
				83939FE72B78900300621F8A /* CharacterDetail */,
			);
			name = View;
			sourceTree = "<group>";
		};
		83939F822B7820C500621F8A /* Infrastructure */ = {
			isa = PBXGroup;
			children = (
				83939F892B782F1200621F8A /* Networking */,
				83939F852B782CE200621F8A /* Navigation */,
			);
			path = Infrastructure;
			sourceTree = "<group>";
		};
		83939F832B7820F600621F8A /* Data */ = {
			isa = PBXGroup;
			children = (
				83939F8E2B7835F800621F8A /* DTO */,
				83939F9A2B78400000621F8A /* DataSource */,
				83939F9B2B7841AC00621F8A /* Repository */,
			);
			name = Data;
			sourceTree = "<group>";
		};
		83939F842B78210100621F8A /* Domain */ = {
			isa = PBXGroup;
			children = (
				83939F952B783B4100621F8A /* Protocols */,
				83939FA02B78427100621F8A /* Entities */,
				83939FB02B78503B00621F8A /* UseCases */,
			);
			name = Domain;
			sourceTree = "<group>";
		};
		83939F852B782CE200621F8A /* Navigation */ = {
			isa = PBXGroup;
			children = (
				83939F772B78161800621F8A /* Router.swift */,
				83939F7B2B78168700621F8A /* Coordinator.swift */,
			);
			name = Navigation;
			sourceTree = "<group>";
		};
		83939F862B782D4000621F8A /* Utils */ = {
			isa = PBXGroup;
			children = (
				83939FAD2B784B1600621F8A /* Extensions */,
				83939F872B782D5300621F8A /* Constants.swift */,
			);
			path = Utils;
			sourceTree = "<group>";
		};
		83939F892B782F1200621F8A /* Networking */ = {
			isa = PBXGroup;
			children = (
				83939F8A2B782F4300621F8A /* APIManager.swift */,
				83939F8C2B78303A00621F8A /* Failure.swift */,
			);
			name = Networking;
			sourceTree = "<group>";
		};
		83939F8E2B7835F800621F8A /* DTO */ = {
			isa = PBXGroup;
			children = (
				83939F8F2B78361300621F8A /* PagedListResponseDTO.swift */,
				83939F912B7839E700621F8A /* CharacterDTO.swift */,
				83939F932B783A7C00621F8A /* LocationDTO.swift */,
				83939FBD2B786CAC00621F8A /* EpisodeDTO.swift */,
			);
			name = DTO;
			sourceTree = "<group>";
		};
		83939F952B783B4100621F8A /* Protocols */ = {
			isa = PBXGroup;
			children = (
				83939F982B783BB300621F8A /* CharacterDataSourceRepresentable.swift */,
				83939F9E2B7841FF00621F8A /* CharacterRepositoryRepresentable.swift */,
				83939FBF2B786F6C00621F8A /* LocationDataSourceRepresentable.swift */,
				83939FC12B786FDE00621F8A /* EpisodeDataSourceRepresentable.swift */,
				83939FC32B78705200621F8A /* LocationRepositoryRepresentable.swift */,
				83939FC52B78706200621F8A /* EpisodeRepositoryRepresentable.swift */,
			);
			name = Protocols;
			sourceTree = "<group>";
		};
		83939F9A2B78400000621F8A /* DataSource */ = {
			isa = PBXGroup;
			children = (
				83939F962B783B8200621F8A /* CharacterAPIDataSource.swift */,
				83939FC92B787B7500621F8A /* LocationAPIDataSource.swift */,
				83939FCB2B787C0600621F8A /* EpisodeAPIDataSource.swift */,
			);
			name = DataSource;
			sourceTree = "<group>";
		};
		83939F9B2B7841AC00621F8A /* Repository */ = {
			isa = PBXGroup;
			children = (
				83939FA92B7845F200621F8A /* Mappers */,
				83939F9C2B7841E200621F8A /* CharacterRepository.swift */,
				83939FCD2B787D9300621F8A /* LocationRepository.swift */,
				83939FD32B787FC200621F8A /* EpisodeRepository.swift */,
			);
			name = Repository;
			sourceTree = "<group>";
		};
		83939FA02B78427100621F8A /* Entities */ = {
			isa = PBXGroup;
			children = (
				83939FA12B78428500621F8A /* Character.swift */,
				83939FA32B7842FF00621F8A /* Gender.swift */,
				83939FA52B78433100621F8A /* CharacterStatus.swift */,
				83939FA72B78435700621F8A /* Location.swift */,
				83939FC72B78724D00621F8A /* Episode.swift */,
			);
			name = Entities;
			sourceTree = "<group>";
		};
		83939FA92B7845F200621F8A /* Mappers */ = {
			isa = PBXGroup;
			children = (
				83939FAA2B78460E00621F8A /* CharacterDataMapper.swift */,
				83939FCF2B787E5500621F8A /* LocationDataMapper.swift */,
				83939FD12B787F1A00621F8A /* EpisodeDataMapper.swift */,
			);
			name = Mappers;
			sourceTree = "<group>";
		};
		83939FAD2B784B1600621F8A /* Extensions */ = {
			isa = PBXGroup;
			children = (
				83939FAE2B784B3400621F8A /* String+orEmpty.swift */,
				83939FEC2B7893B700621F8A /* NSViewController+add.swift */,
			);
			name = Extensions;
			sourceTree = "<group>";
		};
		83939FB02B78503B00621F8A /* UseCases */ = {
			isa = PBXGroup;
			children = (
				83939FB32B7850B500621F8A /* Characters */,
				83939FD62B78823E00621F8A /* Episode */,
				83939FD52B78823400621F8A /* Location */,
			);
			name = UseCases;
			sourceTree = "<group>";
		};
		83939FB32B7850B500621F8A /* Characters */ = {
			isa = PBXGroup;
			children = (
				83939FB12B7850AE00621F8A /* GetAllCharactersUseCase.swift */,
				83939FDB2B78833F00621F8A /* GetSingleCharacterUseCase.swift */,
			);
			name = Characters;
			sourceTree = "<group>";
		};
		83939FD52B78823400621F8A /* Location */ = {
			isa = PBXGroup;
			children = (
				83939FD92B7882E600621F8A /* GetAllLocationsUseCase.swift */,
				83939FDF2B788EB900621F8A /* GetSingleLocationUseCase.swift */,
			);
			name = Location;
			sourceTree = "<group>";
		};
		83939FD62B78823E00621F8A /* Episode */ = {
			isa = PBXGroup;
			children = (
				83939FD72B78825F00621F8A /* GetAllEpisodesUseCase.swift */,
				83939FDD2B788E6700621F8A /* GetSingleEpisodeUseCase.swift */,
			);
			name = Episode;
			sourceTree = "<group>";
		};
		83939FE12B788F5500621F8A /* Container */ = {
			isa = PBXGroup;
			children = (
				83939FE22B788F9D00621F8A /* ContainerViewController.swift */,
				83939FE32B788F9D00621F8A /* ContainerViewController.xib */,
			);
			name = Container;
			sourceTree = "<group>";
		};
		83939FE62B788FE400621F8A /* CharacterList */ = {
			isa = PBXGroup;
			children = (
				83939FB62B78554300621F8A /* CharacterListViewController.swift */,
				83939FB72B78554300621F8A /* CharacterListViewController.xib */,
			);
			name = CharacterList;
			sourceTree = "<group>";
		};
		83939FE72B78900300621F8A /* CharacterDetail */ = {
			isa = PBXGroup;
			children = (
				83939FE82B78905F00621F8A /* CharacterDetailViewController.swift */,
				83939FE92B78905F00621F8A /* CharacterDetailViewController.xib */,
			);
			name = CharacterDetail;
			sourceTree = "<group>";
		};
/* End PBXGroup section */

/* Begin PBXNativeTarget section */
		83134CC02B6B0B3E00C401D5 /* Coding Challenge MacOs */ = {
			isa = PBXNativeTarget;
			buildConfigurationList = 83134CD02B6B0B4000C401D5 /* Build configuration list for PBXNativeTarget "Coding Challenge MacOs" */;
			buildPhases = (
				83134CBD2B6B0B3E00C401D5 /* Sources */,
				83134CBE2B6B0B3E00C401D5 /* Frameworks */,
				83134CBF2B6B0B3E00C401D5 /* Resources */,
			);
			buildRules = (
			);
			dependencies = (
			);
			name = "Coding Challenge MacOs";
			productName = "Coding Challenge MacOs";
			productReference = 83134CC12B6B0B3E00C401D5 /* Coding Challenge MacOs.app */;
			productType = "com.apple.product-type.application";
		};
/* End PBXNativeTarget section */

/* Begin PBXProject section */
		83134CB92B6B0B3E00C401D5 /* Project object */ = {
			isa = PBXProject;
			attributes = {
				BuildIndependentTargetsInParallel = 1;
				LastSwiftUpdateCheck = 1500;
				LastUpgradeCheck = 1500;
				TargetAttributes = {
					83134CC02B6B0B3E00C401D5 = {
						CreatedOnToolsVersion = 15.0.1;
					};
				};
			};
			buildConfigurationList = 83134CBC2B6B0B3E00C401D5 /* Build configuration list for PBXProject "Coding Challenge MacOs" */;
			compatibilityVersion = "Xcode 14.0";
			developmentRegion = en;
			hasScannedForEncodings = 0;
			knownRegions = (
				en,
				Base,
			);
			mainGroup = 83134CB82B6B0B3E00C401D5;
			productRefGroup = 83134CC22B6B0B3E00C401D5 /* Products */;
			projectDirPath = "";
			projectRoot = "";
			targets = (
				83134CC02B6B0B3E00C401D5 /* Coding Challenge MacOs */,
			);
		};
/* End PBXProject section */

/* Begin PBXResourcesBuildPhase section */
		83134CBF2B6B0B3E00C401D5 /* Resources */ = {
			isa = PBXResourcesBuildPhase;
			buildActionMask = 2147483647;
			files = (
				83939FB92B78554300621F8A /* CharacterListViewController.xib in Resources */,
				83134CC92B6B0B4000C401D5 /* Assets.xcassets in Resources */,
				83939FE52B788F9D00621F8A /* ContainerViewController.xib in Resources */,
				83939FEB2B78905F00621F8A /* CharacterDetailViewController.xib in Resources */,
			);
			runOnlyForDeploymentPostprocessing = 0;
		};
/* End PBXResourcesBuildPhase section */

/* Begin PBXSourcesBuildPhase section */
		83134CBD2B6B0B3E00C401D5 /* Sources */ = {
			isa = PBXSourcesBuildPhase;
			buildActionMask = 2147483647;
			files = (
				83939FD82B78825F00621F8A /* GetAllEpisodesUseCase.swift in Sources */,
				83939F7C2B78168700621F8A /* Coordinator.swift in Sources */,
				83939FAF2B784B3400621F8A /* String+orEmpty.swift in Sources */,
				83939F7E2B78182000621F8A /* MainWindowCoordinator.swift in Sources */,
				83939F9F2B7841FF00621F8A /* CharacterRepositoryRepresentable.swift in Sources */,
				83939FDA2B7882E600621F8A /* GetAllLocationsUseCase.swift in Sources */,
				83939FB82B78554300621F8A /* CharacterListViewController.swift in Sources */,
				83939FCC2B787C0600621F8A /* EpisodeAPIDataSource.swift in Sources */,
				83939FC62B78706200621F8A /* EpisodeRepositoryRepresentable.swift in Sources */,
				83939FC42B78705200621F8A /* LocationRepositoryRepresentable.swift in Sources */,
				83939FB22B7850AE00621F8A /* GetAllCharactersUseCase.swift in Sources */,
				83939F8B2B782F4300621F8A /* APIManager.swift in Sources */,
				83939F902B78361300621F8A /* PagedListResponseDTO.swift in Sources */,
				83939FA62B78433100621F8A /* CharacterStatus.swift in Sources */,
				83939FE42B788F9D00621F8A /* ContainerViewController.swift in Sources */,
				83939F992B783BB300621F8A /* CharacterDataSourceRepresentable.swift in Sources */,
				83939FC22B786FDE00621F8A /* EpisodeDataSourceRepresentable.swift in Sources */,
				83939F972B783B8200621F8A /* CharacterAPIDataSource.swift in Sources */,
				83939F8D2B78303A00621F8A /* Failure.swift in Sources */,
				83939FCE2B787D9300621F8A /* LocationRepository.swift in Sources */,
				83939FD42B787FC200621F8A /* EpisodeRepository.swift in Sources */,
				83939FE02B788EB900621F8A /* GetSingleLocationUseCase.swift in Sources */,
				83134CD62B6B195100C401D5 /* main.swift in Sources */,
				83134CC52B6B0B3E00C401D5 /* AppDelegate.swift in Sources */,
				83939FED2B7893B700621F8A /* NSViewController+add.swift in Sources */,
				83939FC82B78724D00621F8A /* Episode.swift in Sources */,
				83939FEA2B78905F00621F8A /* CharacterDetailViewController.swift in Sources */,
				83939FD22B787F1A00621F8A /* EpisodeDataMapper.swift in Sources */,
				83939FA82B78435700621F8A /* Location.swift in Sources */,
				83939FDC2B78833F00621F8A /* GetSingleCharacterUseCase.swift in Sources */,
				83939FBE2B786CAD00621F8A /* EpisodeDTO.swift in Sources */,
				83939FDE2B788E6700621F8A /* GetSingleEpisodeUseCase.swift in Sources */,
				83939F782B78161800621F8A /* Router.swift in Sources */,
				83939F6D2B78091800621F8A /* MainWindowController.swift in Sources */,
				83939FAB2B78460E00621F8A /* CharacterDataMapper.swift in Sources */,
				83939F942B783A7C00621F8A /* LocationDTO.swift in Sources */,
				83939F922B7839E700621F8A /* CharacterDTO.swift in Sources */,
				83939F9D2B7841E200621F8A /* CharacterRepository.swift in Sources */,
				83939FA42B7842FF00621F8A /* Gender.swift in Sources */,
				83939F7A2B78163D00621F8A /* AppTransition.swift in Sources */,
				83939FD02B787E5500621F8A /* LocationDataMapper.swift in Sources */,
				83939F882B782D5300621F8A /* Constants.swift in Sources */,
				83939FA22B78428500621F8A /* Character.swift in Sources */,
				83939FC02B786F6C00621F8A /* LocationDataSourceRepresentable.swift in Sources */,
				83939FCA2B787B7500621F8A /* LocationAPIDataSource.swift in Sources */,
			);
			runOnlyForDeploymentPostprocessing = 0;
		};
/* End PBXSourcesBuildPhase section */

/* Begin XCBuildConfiguration section */
		83134CCE2B6B0B4000C401D5 /* Debug */ = {
			isa = XCBuildConfiguration;
			buildSettings = {
				ALWAYS_SEARCH_USER_PATHS = NO;
				ASSETCATALOG_COMPILER_GENERATE_SWIFT_ASSET_SYMBOL_EXTENSIONS = YES;
				CLANG_ANALYZER_NONNULL = YES;
				CLANG_ANALYZER_NUMBER_OBJECT_CONVERSION = YES_AGGRESSIVE;
				CLANG_CXX_LANGUAGE_STANDARD = "gnu++20";
				CLANG_ENABLE_MODULES = YES;
				CLANG_ENABLE_OBJC_ARC = YES;
				CLANG_ENABLE_OBJC_WEAK = YES;
				CLANG_WARN_BLOCK_CAPTURE_AUTORELEASING = YES;
				CLANG_WARN_BOOL_CONVERSION = YES;
				CLANG_WARN_COMMA = YES;
				CLANG_WARN_CONSTANT_CONVERSION = YES;
				CLANG_WARN_DEPRECATED_OBJC_IMPLEMENTATIONS = YES;
				CLANG_WARN_DIRECT_OBJC_ISA_USAGE = YES_ERROR;
				CLANG_WARN_DOCUMENTATION_COMMENTS = YES;
				CLANG_WARN_EMPTY_BODY = YES;
				CLANG_WARN_ENUM_CONVERSION = YES;
				CLANG_WARN_INFINITE_RECURSION = YES;
				CLANG_WARN_INT_CONVERSION = YES;
				CLANG_WARN_NON_LITERAL_NULL_CONVERSION = YES;
				CLANG_WARN_OBJC_IMPLICIT_RETAIN_SELF = YES;
				CLANG_WARN_OBJC_LITERAL_CONVERSION = YES;
				CLANG_WARN_OBJC_ROOT_CLASS = YES_ERROR;
				CLANG_WARN_QUOTED_INCLUDE_IN_FRAMEWORK_HEADER = YES;
				CLANG_WARN_RANGE_LOOP_ANALYSIS = YES;
				CLANG_WARN_STRICT_PROTOTYPES = YES;
				CLANG_WARN_SUSPICIOUS_MOVE = YES;
				CLANG_WARN_UNGUARDED_AVAILABILITY = YES_AGGRESSIVE;
				CLANG_WARN_UNREACHABLE_CODE = YES;
				CLANG_WARN__DUPLICATE_METHOD_MATCH = YES;
				COPY_PHASE_STRIP = NO;
				DEBUG_INFORMATION_FORMAT = dwarf;
				ENABLE_STRICT_OBJC_MSGSEND = YES;
				ENABLE_TESTABILITY = YES;
				ENABLE_USER_SCRIPT_SANDBOXING = YES;
				GCC_C_LANGUAGE_STANDARD = gnu17;
				GCC_DYNAMIC_NO_PIC = NO;
				GCC_NO_COMMON_BLOCKS = YES;
				GCC_OPTIMIZATION_LEVEL = 0;
				GCC_PREPROCESSOR_DEFINITIONS = (
					"DEBUG=1",
					"$(inherited)",
				);
				GCC_WARN_64_TO_32_BIT_CONVERSION = YES;
				GCC_WARN_ABOUT_RETURN_TYPE = YES_ERROR;
				GCC_WARN_UNDECLARED_SELECTOR = YES;
				GCC_WARN_UNINITIALIZED_AUTOS = YES_AGGRESSIVE;
				GCC_WARN_UNUSED_FUNCTION = YES;
				GCC_WARN_UNUSED_VARIABLE = YES;
				LOCALIZATION_PREFERS_STRING_CATALOGS = YES;
				MACOSX_DEPLOYMENT_TARGET = 14.0;
				MTL_ENABLE_DEBUG_INFO = INCLUDE_SOURCE;
				MTL_FAST_MATH = YES;
				ONLY_ACTIVE_ARCH = YES;
				SDKROOT = macosx;
				SWIFT_ACTIVE_COMPILATION_CONDITIONS = "DEBUG $(inherited)";
				SWIFT_OPTIMIZATION_LEVEL = "-Onone";
			};
			name = Debug;
		};
		83134CCF2B6B0B4000C401D5 /* Release */ = {
			isa = XCBuildConfiguration;
			buildSettings = {
				ALWAYS_SEARCH_USER_PATHS = NO;
				ASSETCATALOG_COMPILER_GENERATE_SWIFT_ASSET_SYMBOL_EXTENSIONS = YES;
				CLANG_ANALYZER_NONNULL = YES;
				CLANG_ANALYZER_NUMBER_OBJECT_CONVERSION = YES_AGGRESSIVE;
				CLANG_CXX_LANGUAGE_STANDARD = "gnu++20";
				CLANG_ENABLE_MODULES = YES;
				CLANG_ENABLE_OBJC_ARC = YES;
				CLANG_ENABLE_OBJC_WEAK = YES;
				CLANG_WARN_BLOCK_CAPTURE_AUTORELEASING = YES;
				CLANG_WARN_BOOL_CONVERSION = YES;
				CLANG_WARN_COMMA = YES;
				CLANG_WARN_CONSTANT_CONVERSION = YES;
				CLANG_WARN_DEPRECATED_OBJC_IMPLEMENTATIONS = YES;
				CLANG_WARN_DIRECT_OBJC_ISA_USAGE = YES_ERROR;
				CLANG_WARN_DOCUMENTATION_COMMENTS = YES;
				CLANG_WARN_EMPTY_BODY = YES;
				CLANG_WARN_ENUM_CONVERSION = YES;
				CLANG_WARN_INFINITE_RECURSION = YES;
				CLANG_WARN_INT_CONVERSION = YES;
				CLANG_WARN_NON_LITERAL_NULL_CONVERSION = YES;
				CLANG_WARN_OBJC_IMPLICIT_RETAIN_SELF = YES;
				CLANG_WARN_OBJC_LITERAL_CONVERSION = YES;
				CLANG_WARN_OBJC_ROOT_CLASS = YES_ERROR;
				CLANG_WARN_QUOTED_INCLUDE_IN_FRAMEWORK_HEADER = YES;
				CLANG_WARN_RANGE_LOOP_ANALYSIS = YES;
				CLANG_WARN_STRICT_PROTOTYPES = YES;
				CLANG_WARN_SUSPICIOUS_MOVE = YES;
				CLANG_WARN_UNGUARDED_AVAILABILITY = YES_AGGRESSIVE;
				CLANG_WARN_UNREACHABLE_CODE = YES;
				CLANG_WARN__DUPLICATE_METHOD_MATCH = YES;
				COPY_PHASE_STRIP = NO;
				DEBUG_INFORMATION_FORMAT = "dwarf-with-dsym";
				ENABLE_NS_ASSERTIONS = NO;
				ENABLE_STRICT_OBJC_MSGSEND = YES;
				ENABLE_USER_SCRIPT_SANDBOXING = YES;
				GCC_C_LANGUAGE_STANDARD = gnu17;
				GCC_NO_COMMON_BLOCKS = YES;
				GCC_WARN_64_TO_32_BIT_CONVERSION = YES;
				GCC_WARN_ABOUT_RETURN_TYPE = YES_ERROR;
				GCC_WARN_UNDECLARED_SELECTOR = YES;
				GCC_WARN_UNINITIALIZED_AUTOS = YES_AGGRESSIVE;
				GCC_WARN_UNUSED_FUNCTION = YES;
				GCC_WARN_UNUSED_VARIABLE = YES;
				LOCALIZATION_PREFERS_STRING_CATALOGS = YES;
				MACOSX_DEPLOYMENT_TARGET = 14.0;
				MTL_ENABLE_DEBUG_INFO = NO;
				MTL_FAST_MATH = YES;
				SDKROOT = macosx;
				SWIFT_COMPILATION_MODE = wholemodule;
			};
			name = Release;
		};
		83134CD12B6B0B4000C401D5 /* Debug */ = {
			isa = XCBuildConfiguration;
			buildSettings = {
				ASSETCATALOG_COMPILER_APPICON_NAME = AppIcon;
				ASSETCATALOG_COMPILER_GLOBAL_ACCENT_COLOR_NAME = AccentColor;
				CODE_SIGN_ENTITLEMENTS = "Coding Challenge MacOs/Coding_Challenge_MacOs.entitlements";
				CODE_SIGN_STYLE = Automatic;
				COMBINE_HIDPI_IMAGES = YES;
				CURRENT_PROJECT_VERSION = 1;
				DEVELOPMENT_TEAM = 6BJN932M8C;
				ENABLE_HARDENED_RUNTIME = YES;
				GENERATE_INFOPLIST_FILE = YES;
				INFOPLIST_KEY_LSApplicationCategoryType = "public.app-category.entertainment";
				INFOPLIST_KEY_NSHumanReadableCopyright = "";
				INFOPLIST_KEY_NSPrincipalClass = NSApplication;
				LD_RUNPATH_SEARCH_PATHS = (
					"$(inherited)",
					"@executable_path/../Frameworks",
				);
				MACOSX_DEPLOYMENT_TARGET = 11.0;
				MARKETING_VERSION = 1.0;
				PRODUCT_BUNDLE_IDENTIFIER = "kmc.Coding-Challenge-MacOs";
				PRODUCT_NAME = "$(TARGET_NAME)";
				SWIFT_EMIT_LOC_STRINGS = YES;
				SWIFT_VERSION = 5.0;
			};
			name = Debug;
		};
		83134CD22B6B0B4000C401D5 /* Release */ = {
			isa = XCBuildConfiguration;
			buildSettings = {
				ASSETCATALOG_COMPILER_APPICON_NAME = AppIcon;
				ASSETCATALOG_COMPILER_GLOBAL_ACCENT_COLOR_NAME = AccentColor;
				CODE_SIGN_ENTITLEMENTS = "Coding Challenge MacOs/Coding_Challenge_MacOs.entitlements";
				CODE_SIGN_STYLE = Automatic;
				COMBINE_HIDPI_IMAGES = YES;
				CURRENT_PROJECT_VERSION = 1;
				DEVELOPMENT_TEAM = 6BJN932M8C;
				ENABLE_HARDENED_RUNTIME = YES;
				GENERATE_INFOPLIST_FILE = YES;
				INFOPLIST_KEY_LSApplicationCategoryType = "public.app-category.entertainment";
				INFOPLIST_KEY_NSHumanReadableCopyright = "";
				INFOPLIST_KEY_NSPrincipalClass = NSApplication;
				LD_RUNPATH_SEARCH_PATHS = (
					"$(inherited)",
					"@executable_path/../Frameworks",
				);
				MACOSX_DEPLOYMENT_TARGET = 11.0;
				MARKETING_VERSION = 1.0;
				PRODUCT_BUNDLE_IDENTIFIER = "kmc.Coding-Challenge-MacOs";
				PRODUCT_NAME = "$(TARGET_NAME)";
				SWIFT_EMIT_LOC_STRINGS = YES;
				SWIFT_VERSION = 5.0;
			};
			name = Release;
		};
/* End XCBuildConfiguration section */

/* Begin XCConfigurationList section */
		83134CBC2B6B0B3E00C401D5 /* Build configuration list for PBXProject "Coding Challenge MacOs" */ = {
			isa = XCConfigurationList;
			buildConfigurations = (
				83134CCE2B6B0B4000C401D5 /* Debug */,
				83134CCF2B6B0B4000C401D5 /* Release */,
			);
			defaultConfigurationIsVisible = 0;
			defaultConfigurationName = Release;
		};
		83134CD02B6B0B4000C401D5 /* Build configuration list for PBXNativeTarget "Coding Challenge MacOs" */ = {
			isa = XCConfigurationList;
			buildConfigurations = (
				83134CD12B6B0B4000C401D5 /* Debug */,
				83134CD22B6B0B4000C401D5 /* Release */,
			);
			defaultConfigurationIsVisible = 0;
			defaultConfigurationName = Release;
		};
/* End XCConfigurationList section */
	};
	rootObject = 83134CB92B6B0B3E00C401D5 /* Project object */;
}
